
Microsoft Visual Studio Solution File, Format Version 12.00
# Visual Studio Version 16
VisualStudioVersion = 16.0.29020.237
MinimumVisualStudioVersion = 10.0.40219.1
Project("{FAE04EC0-301F-11D3-BF4B-00C04F79EFBC}") = "IntermediateCorse", "IntermediateCorse\IntermediateCorse.csproj", "{6EDE7336-A591-4187-A5B2-F856C9749765}"
EndProject
Global
	GlobalSection(SolutionConfigurationPlatforms) = preSolution
		Debug|Any CPU = Debug|Any CPU
		Release|Any CPU = Release|Any CPU
	EndGlobalSection
	GlobalSection(ProjectConfigurationPlatforms) = postSolution
		{6EDE7336-A591-4187-A5B2-F856C9749765}.Debug|Any CPU.ActiveCfg = Debug|Any CPU
		{6EDE7336-A591-4187-A5B2-F856C9749765}.Debug|Any CPU.Build.0 = Debug|Any CPU
		{6EDE7336-A591-4187-A5B2-F856C9749765}.Release|Any CPU.ActiveCfg = Release|Any CPU
		{6EDE7336-A591-4187-A5B2-F856C9749765}.Release|Any CPU.Build.0 = Release|Any CPU
	EndGlobalSection
	GlobalSection(SolutionProperties) = preSolution
		HideSolutionNode = FALSE
	EndGlobalSection
	GlobalSection(ExtensibilityGlobals) = postSolution
		SolutionGuid = {E88A675E-0E31-4C3C-AE29-2DB403D9C1D0}
	EndGlobalSection
EndGlobal
